PODS:
  - Alamofire (5.4.0)
  - ETBinding (3.0)
  - Firebase/Core (7.3.0):
    - Firebase/CoreOnly
    - FirebaseAnalytics (= 7.3.0)
  - Firebase/CoreOnly (7.3.0):
    - FirebaseCore (= 7.3.0)
  - Firebase/Messaging (7.3.0):
    - Firebase/CoreOnly
    - FirebaseMessaging (~> 7.3.0)
  - FirebaseAnalytics (7.3.0):
    - FirebaseCore (~> 7.0)
    - FirebaseInstallations (~> 7.0)
    - GoogleAppMeasurement (= 7.3.0)
    - GoogleUtilities/AppDelegateSwizzler (~> 7.0)
    - GoogleUtilities/MethodSwizzler (~> 7.0)
    - GoogleUtilities/Network (~> 7.0)
    - "GoogleUtilities/NSData+zlib (~> 7.0)"
    - nanopb (~> 2.30906.0)
  - FirebaseCore (7.3.0):
    - FirebaseCoreDiagnostics (~> 7.0)
    - GoogleUtilities/Environment (~> 7.0)
    - GoogleUtilities/Logger (~> 7.0)
  - FirebaseCoreDiagnostics (7.3.0):
    - GoogleDataTransport (~> 8.0)
    - GoogleUtilities/Environment (~> 7.0)
    - GoogleUtilities/Logger (~> 7.0)
    - nanopb (~> 2.30906.0)
  - FirebaseInstallations (7.3.0):
    - FirebaseCore (~> 7.0)
    - GoogleUtilities/Environment (~> 7.0)
    - GoogleUtilities/UserDefaults (~> 7.0)
    - PromisesObjC (~> 1.2)
  - FirebaseInstanceID (7.3.0):
    - FirebaseCore (~> 7.0)
    - FirebaseInstallations (~> 7.0)
    - GoogleUtilities/Environment (~> 7.0)
    - GoogleUtilities/UserDefaults (~> 7.0)
  - FirebaseMessaging (7.3.0):
    - FirebaseCore (~> 7.0)
    - FirebaseInstanceID (~> 7.0)
    - GoogleUtilities/AppDelegateSwizzler (~> 7.0)
    - GoogleUtilities/Environment (~> 7.0)
    - GoogleUtilities/Reachability (~> 7.0)
    - GoogleUtilities/UserDefaults (~> 7.0)
  - GoogleAppMeasurement (7.3.0):
    - GoogleUtilities/AppDelegateSwizzler (~> 7.0)
    - GoogleUtilities/MethodSwizzler (~> 7.0)
    - GoogleUtilities/Network (~> 7.0)
    - "GoogleUtilities/NSData+zlib (~> 7.0)"
    - nanopb (~> 2.30906.0)
  - GoogleDataTransport (8.1.0):
    - nanopb (~> 2.30906.0)
  - GoogleUtilities/AppDelegateSwizzler (7.1.1):
    - GoogleUtilities/Environment
    - GoogleUtilities/Logger
    - GoogleUtilities/Network
  - GoogleUtilities/Environment (7.1.1):
    - PromisesObjC (~> 1.2)
  - GoogleUtilities/Logger (7.1.1):
    - GoogleUtilities/Environment
  - GoogleUtilities/MethodSwizzler (7.1.1):
    - GoogleUtilities/Logger
  - GoogleUtilities/Network (7.1.1):
    - GoogleUtilities/Logger
    - "GoogleUtilities/NSData+zlib"
    - GoogleUtilities/Reachability
  - "GoogleUtilities/NSData+zlib (7.1.1)"
  - GoogleUtilities/Reachability (7.1.1):
    - GoogleUtilities/Logger
  - GoogleUtilities/UserDefaults (7.1.1):
    - GoogleUtilities/Logger
  - ImageSlideshow (1.9.2):
    - ImageSlideshow/Core (= 1.9.2)
  - ImageSlideshow/Core (1.9.2)
  - iOSDropDown (0.3.4)
  - IQKeyboardManagerSwift (6.5.6)
  - LanguageManager-iOS (1.2.3)
  - Layout (0.7.0):
    - Layout/Core (= 0.7.0)
  - Layout/Core (0.7.0)
  - Localize-Swift (2.0.0)
  - MBProgressHUD (1.2.0)
  - nanopb (2.30906.0):
    - nanopb/decode (= 2.30906.0)
    - nanopb/encode (= 2.30906.0)
  - nanopb/decode (2.30906.0)
  - nanopb/encode (2.30906.0)
  - ObjectMapper (3.5.3)
  - PromisesObjC (1.2.11)
  - razorpay-pod (1.1.10)
  - RxCocoa (6.0.0-rc.2):
    - RxRelay (= 6.0.0-rc.2)
    - RxSwift (= 6.0.0-rc.2)
  - RxRelay (6.0.0-rc.2):
    - RxSwift (= 6.0.0-rc.2)
  - RxSwift (6.0.0-rc.2)
  - SDWebImage (5.10.0):
    - SDWebImage/Core (= 5.10.0)
  - SDWebImage/Core (5.10.0)
  - SlideMenuControllerSwift (4.0.0)
  - SQLite.swift (0.12.2):
    - SQLite.swift/standard (= 0.12.2)
  - SQLite.swift/standard (0.12.2)
  - SwiftyJSON (5.0.0)
  - TagListView (1.4.1)

DEPENDENCIES:
  - Alamofire (~> 5.0)
  - ETBinding
  - Firebase/Core
  - Firebase/Messaging
  - ImageSlideshow
  - iOSDropDown
  - IQKeyboardManagerSwift
  - LanguageManager-iOS
  - Layout (~> 0.6)
  - Localize-Swift (~> 2.0)
  - MBProgressHUD
  - ObjectMapper (~> 3.5)
  - razorpay-pod
  - RxCocoa (= 6.0.0-rc.2)
  - RxSwift (= 6.0.0-rc.2)
  - SDWebImage
  - SlideMenuControllerSwift
  - SQLite.swift (~> 0.12.0)
  - SwiftyJSON
  - TagListView (~> 1.0)

SPEC REPOS:
  trunk:
    - Alamofire
    - ETBinding
    - Firebase
    - FirebaseAnalytics
    - FirebaseCore
    - FirebaseCoreDiagnostics
    - FirebaseInstallations
    - FirebaseInstanceID
    - FirebaseMessaging
    - GoogleAppMeasurement
    - GoogleDataTransport
    - GoogleUtilities
    - ImageSlideshow
    - iOSDropDown
    - IQKeyboardManagerSwift
    - LanguageManager-iOS
    - Layout
    - Localize-Swift
    - MBProgressHUD
    - nanopb
    - ObjectMapper
    - PromisesObjC
    - razorpay-pod
    - RxCocoa
    - RxRelay
    - RxSwift
    - SDWebImage
    - SlideMenuControllerSwift
    - SQLite.swift
    - SwiftyJSON
    - TagListView

SPEC CHECKSUMS:
  Alamofire: 3b6a534a3df22db367e4dedeeca73d1ddfcf0e2f
  ETBinding: 27be01c2b38dbc88b63189a0ca05187cd24be2ec
  Firebase: 26223c695fe322633274198cb19dca8cb7e54416
  FirebaseAnalytics: 2580c2d62535ae7b644143d48941fcc239ea897a
  FirebaseCore: 4d3c72622ce0e2106aaa07bb4b2935ba2c370972
  FirebaseCoreDiagnostics: d50e11039e5984d92c8a512be2395f13df747350
  FirebaseInstallations: 971df89b48ae5ee4cc2bf6935f3857a525d28550
  FirebaseInstanceID: 5ccdee6a84e6b4bb5316de0a8cd88bc749ba490d
  FirebaseMessaging: 68d1bcb14880189558a8ae57167abe0b7e417232
  GoogleAppMeasurement: 8d3c0aeede16ab7764144b5a4ca8e1d4323841b7
  GoogleDataTransport: 116c84c4bdeb76be2a7a46de51244368f9794eab
  GoogleUtilities: 3dc4ff0d5e4840e2fa8eef0889620e8c33d4218c
  ImageSlideshow: be305b54eaf2b2cfc7a7141c7c734605d44dc07d
  iOSDropDown: c10a761f9a00c3f1cc9d3bce43ae504628e2f692
  IQKeyboardManagerSwift: c7df9d2deb356c04522f5c4b7b6e4ce4d8ed94fe
  LanguageManager-iOS: 020a6849c97949683926773fd5b82baceaa142db
  Layout: 06efb0889c3065340eefceefb938b0add675a12b
  Localize-Swift: c798ec9286494866f7068f85f7c71283ac5bdab4
  MBProgressHUD: 3ee5efcc380f6a79a7cc9b363dd669c5e1ae7406
  nanopb: 1bf24dd71191072e120b83dd02d08f3da0d65e53
  ObjectMapper: 97111c97e054a6ee25917662106689f0b4127b37
  PromisesObjC: 8c196f5a328c2cba3e74624585467a557dcb482f
  razorpay-pod: ee8dc073c65baee8df6e8c4275b1c989bab614a2
  RxCocoa: 38445a25751be5907f52f7ea02c137f52ce2e7f2
  RxRelay: b9e2483e83f46e4e7bf1234c6fe418e5c2eaf825
  RxSwift: ada35be6643bedf6881cdbd6bbfb27aeea527670
  SDWebImage: 9169792e9eec3e45bba2a0c02f74bf8bd922d1ee
  SlideMenuControllerSwift: 021d6318201c53d4d4d3710517d43d6c556c7dd0
  SQLite.swift: d2b4642190917051ce6bd1d49aab565fe794eea3
  SwiftyJSON: 36413e04c44ee145039d332b4f4e2d3e8d6c4db7
  TagListView: a1c236d17960a0cf64156725a76ce6d73ebce2be

PODFILE CHECKSUM: 0ddc2f5c68345c5eb3c73b25486770e5ad64c3d3

COCOAPODS: 1.9.3
